
Microsoft Visual Studio Solution File, Format Version 12.00
# Visual Studio Version 16
VisualStudioVersion = 16.0.30907.101
MinimumVisualStudioVersion = 10.0.40219.1
Project("{FAE04EC0-301F-11D3-BF4B-00C04F79EFBC}") = "DataAccess", "DataAccess\DataAccess.csproj", "{174A1079-5FCE-4193-AEB6-EAC7F24CFC33}"
EndProject
Project("{FAE04EC0-301F-11D3-BF4B-00C04F79EFBC}") = "Business", "Business\Business.csproj", "{62276C6D-631F-4CB2-BF89-D0423CCEA64A}"
EndProject
Project("{FAE04EC0-301F-11D3-BF4B-00C04F79EFBC}") = "Entities", "Entities\Entities.csproj", "{FEC7A745-D833-471B-8337-81EDE2BDC6E0}"
EndProject
Project("{FAE04EC0-301F-11D3-BF4B-00C04F79EFBC}") = "ConsoleUI", "ConsoleUI\ConsoleUI.csproj", "{2569A4D7-63BA-47CC-BF0C-10B904C5FBA4}"
EndProject
Global
	GlobalSection(SolutionConfigurationPlatforms) = preSolution
		Debug|Any CPU = Debug|Any CPU
		Release|Any CPU = Release|Any CPU
	EndGlobalSection
	GlobalSection(ProjectConfigurationPlatforms) = postSolution
		{174A1079-5FCE-4193-AEB6-EAC7F24CFC33}.Debug|Any CPU.ActiveCfg = Debug|Any CPU
		{174A1079-5FCE-4193-AEB6-EAC7F24CFC33}.Debug|Any CPU.Build.0 = Debug|Any CPU
		{174A1079-5FCE-4193-AEB6-EAC7F24CFC33}.Release|Any CPU.ActiveCfg = Release|Any CPU
		{174A1079-5FCE-4193-AEB6-EAC7F24CFC33}.Release|Any CPU.Build.0 = Release|Any CPU
		{62276C6D-631F-4CB2-BF89-D0423CCEA64A}.Debug|Any CPU.ActiveCfg = Debug|Any CPU
		{62276C6D-631F-4CB2-BF89-D0423CCEA64A}.Debug|Any CPU.Build.0 = Debug|Any CPU
		{62276C6D-631F-4CB2-BF89-D0423CCEA64A}.Release|Any CPU.ActiveCfg = Release|Any CPU
		{62276C6D-631F-4CB2-BF89-D0423CCEA64A}.Release|Any CPU.Build.0 = Release|Any CPU
		{FEC7A745-D833-471B-8337-81EDE2BDC6E0}.Debug|Any CPU.ActiveCfg = Debug|Any CPU
		{FEC7A745-D833-471B-8337-81EDE2BDC6E0}.Debug|Any CPU.Build.0 = Debug|Any CPU
		{FEC7A745-D833-471B-8337-81EDE2BDC6E0}.Release|Any CPU.ActiveCfg = Release|Any CPU
		{FEC7A745-D833-471B-8337-81EDE2BDC6E0}.Release|Any CPU.Build.0 = Release|Any CPU
		{2569A4D7-63BA-47CC-BF0C-10B904C5FBA4}.Debug|Any CPU.ActiveCfg = Debug|Any CPU
		{2569A4D7-63BA-47CC-BF0C-10B904C5FBA4}.Debug|Any CPU.Build.0 = Debug|Any CPU
		{2569A4D7-63BA-47CC-BF0C-10B904C5FBA4}.Release|Any CPU.ActiveCfg = Release|Any CPU
		{2569A4D7-63BA-47CC-BF0C-10B904C5FBA4}.Release|Any CPU.Build.0 = Release|Any CPU
	EndGlobalSection
	GlobalSection(SolutionProperties) = preSolution
		HideSolutionNode = FALSE
	EndGlobalSection
	GlobalSection(ExtensibilityGlobals) = postSolution
		SolutionGuid = {506C83AE-4B32-4012-ACA4-D931AD6C9DA5}
	EndGlobalSection
EndGlobal
